// !$*UTF8*$!
{
	archiveVersion = 1;
	classes = {
	};
	objectVersion = 77;
	objects = {

/* Begin PBXBuildFile section */
		262DDF052FA540DF00FE434A /* Supabase in Frameworks */ = {isa = PBXBuildFile; productRef = AA000003AAAAAAAA00000003 /* Supabase */; };
		262DDF062FA540DF00FE434A /* Kingfisher in Frameworks */ = {isa = PBXBuildFile; productRef = AA000004AAAAAAAA00000004 /* Kingfisher */; };
		264026E92FF3FE35004BBCD1 /* WidgetKit.framework in Frameworks */ = {isa = PBXBuildFile; fileRef = 264026E82FF3FE34004BBCD1 /* WidgetKit.framework */; };
		264026EB2FF3FE35004BBCD1 /* SwiftUI.framework in Frameworks */ = {isa = PBXBuildFile; fileRef = 264026EA2FF3FE35004BBCD1 /* SwiftUI.framework */; };
		264026FA2FF3FE38004BBCD1 /* SeatbeeWidgetExtension.appex in Embed Foundation Extensions */ = {isa = PBXBuildFile; fileRef = 264026E62FF3FE34004BBCD1 /* SeatbeeWidgetExtension.appex */; settings = {ATTRIBUTES = (RemoveHeadersOnCopy, ); }; };
/* End PBXBuildFile section */

/* Begin PBXContainerItemProxy section */
		262DDD9A2FA533B200FE434A /* PBXContainerItemProxy */ = {
			isa = PBXContainerItemProxy;
			containerPortal = 262DDD802FA533AE00FE434A /* Project object */;
			proxyType = 1;
			remoteGlobalIDString = 262DDD872FA533AE00FE434A;
			remoteInfo = seatbee;
		};
		262DDDA42FA533B200FE434A /* PBXContainerItemProxy */ = {
			isa = PBXContainerItemProxy;
			containerPortal = 262DDD802FA533AE00FE434A /* Project object */;
			proxyType = 1;
			remoteGlobalIDString = 262DDD872FA533AE00FE434A;
			remoteInfo = seatbee;
		};
		264026F82FF3FE38004BBCD1 /* PBXContainerItemProxy */ = {
			isa = PBXContainerItemProxy;
			containerPortal = 262DDD802FA533AE00FE434A /* Project object */;
			proxyType = 1;
			remoteGlobalIDString = 264026E52FF3FE34004BBCD1;
			remoteInfo = SeatbeeWidgetExtension;
		};
/* End PBXContainerItemProxy section */

/* Begin PBXCopyFilesBuildPhase section */
		264026FB2FF3FE38004BBCD1 /* Embed Foundation Extensions */ = {
			isa = PBXCopyFilesBuildPhase;
			buildActionMask = 2147483647;
			dstPath = "";
			dstSubfolderSpec = 13;
			files = (
				264026FA2FF3FE38004BBCD1 /* SeatbeeWidgetExtension.appex in Embed Foundation Extensions */,
			);
			name = "Embed Foundation Extensions";
			runOnlyForDeploymentPostprocessing = 0;
		};
/* End PBXCopyFilesBuildPhase section */

/* Begin PBXFileReference section */
		262DDD882FA533AE00FE434A /* seatbee.app */ = {isa = PBXFileReference; explicitFileType = wrapper.application; includeInIndex = 0; path = seatbee.app; sourceTree = BUILT_PRODUCTS_DIR; };
		262DDD992FA533B200FE434A /* seatbeeTests.xctest */ = {isa = PBXFileReference; explicitFileType = wrapper.cfbundle; includeInIndex = 0; path = seatbeeTests.xctest; sourceTree = BUILT_PRODUCTS_DIR; };
		262DDDA32FA533B200FE434A /* seatbeeUITests.xctest */ = {isa = PBXFileReference; explicitFileType = wrapper.cfbundle; includeInIndex = 0; path = seatbeeUITests.xctest; sourceTree = BUILT_PRODUCTS_DIR; };
		264026E62FF3FE34004BBCD1 /* SeatbeeWidgetExtension.appex */ = {isa = PBXFileReference; explicitFileType = "wrapper.app-extension"; includeInIndex = 0; path = SeatbeeWidgetExtension.appex; sourceTree = BUILT_PRODUCTS_DIR; };
		264026E82FF3FE34004BBCD1 /* WidgetKit.framework */ = {isa = PBXFileReference; lastKnownFileType = wrapper.framework; name = WidgetKit.framework; path = System/Library/Frameworks/WidgetKit.framework; sourceTree = SDKROOT; };
		264026EA2FF3FE35004BBCD1 /* SwiftUI.framework */ = {isa = PBXFileReference; lastKnownFileType = wrapper.framework; name = SwiftUI.framework; path = System/Library/Frameworks/SwiftUI.framework; sourceTree = SDKROOT; };
		2640270D2FF400CF004BBCD1 /* SeatbeeWidgetExtension.entitlements */ = {isa = PBXFileReference; lastKnownFileType = text.plist.entitlements; path = SeatbeeWidgetExtension.entitlements; sourceTree = "<group>"; };
/* End PBXFileReference section */

/* Begin PBXFileSystemSynchronizedBuildFileExceptionSet section */
		262DDDAB2FA533B200FE434A /* Exceptions for "seatbee" folder in "seatbee" target */ = {
			isa = PBXFileSystemSynchronizedBuildFileExceptionSet;
			membershipExceptions = (
				Info.plist,
			);
			target = 262DDD872FA533AE00FE434A /* seatbee */;
		};
		264026FF2FF3FE38004BBCD1 /* Exceptions for "SeatbeeWidget" folder in "SeatbeeWidgetExtension" target */ = {
			isa = PBXFileSystemSynchronizedBuildFileExceptionSet;
			membershipExceptions = (
				Info.plist,
			);
			target = 264026E52FF3FE34004BBCD1 /* SeatbeeWidgetExtension */;
		};
/* End PBXFileSystemSynchronizedBuildFileExceptionSet section */

/* Begin PBXFileSystemSynchronizedRootGroup section */
		262DDD8A2FA533AE00FE434A /* seatbee */ = {
			isa = PBXFileSystemSynchronizedRootGroup;
			exceptions = (
				262DDDAB2FA533B200FE434A /* Exceptions for "seatbee" folder in "seatbee" target */,
			);
			path = seatbee;
			sourceTree = "<group>";
		};
		262DDD9C2FA533B200FE434A /* seatbeeTests */ = {
			isa = PBXFileSystemSynchronizedRootGroup;
			path = seatbeeTests;
			sourceTree = "<group>";
		};
		262DDDA62FA533B200FE434A /* seatbeeUITests */ = {
			isa = PBXFileSystemSynchronizedRootGroup;
			path = seatbeeUITests;
			sourceTree = "<group>";
		};
		264026EC2FF3FE35004BBCD1 /* SeatbeeWidget */ = {
			isa = PBXFileSystemSynchronizedRootGroup;
			exceptions = (
				264026FF2FF3FE38004BBCD1 /* Exceptions for "SeatbeeWidget" folder in "SeatbeeWidgetExtension" target */,
			);
			path = SeatbeeWidget;
			sourceTree = "<group>";
		};
/* End PBXFileSystemSynchronizedRootGroup section */

/* Begin PBXFrameworksBuildPhase section */
		262DDD852FA533AE00FE434A /* Frameworks */ = {
			isa = PBXFrameworksBuildPhase;
			buildActionMask = 2147483647;
			files = (
				262DDF062FA540DF00FE434A /* Kingfisher in Frameworks */,
				262DDF052FA540DF00FE434A /* Supabase in Frameworks */,
			);
			runOnlyForDeploymentPostprocessing = 0;
		};
		262DDD962FA533B200FE434A /* Frameworks */ = {
			isa = PBXFrameworksBuildPhase;
			buildActionMask = 2147483647;
			files = (
			);
			runOnlyForDeploymentPostprocessing = 0;
		};
		262DDDA02FA533B200FE434A /* Frameworks */ = {
			isa = PBXFrameworksBuildPhase;
			buildActionMask = 2147483647;
			files = (
			);
			runOnlyForDeploymentPostprocessing = 0;
		};
		264026E32FF3FE34004BBCD1 /* Frameworks */ = {
			isa = PBXFrameworksBuildPhase;
			buildActionMask = 2147483647;
			files = (
				264026EB2FF3FE35004BBCD1 /* SwiftUI.framework in Frameworks */,
				264026E92FF3FE35004BBCD1 /* WidgetKit.framework in Frameworks */,
			);
			runOnlyForDeploymentPostprocessing = 0;
		};
/* End PBXFrameworksBuildPhase section */

/* Begin PBXGroup section */
		262DDD7F2FA533AD00FE434A = {
			isa = PBXGroup;
			children = (
				2640270D2FF400CF004BBCD1 /* SeatbeeWidgetExtension.entitlements */,
				262DDD8A2FA533AE00FE434A /* seatbee */,
				262DDD9C2FA533B200FE434A /* seatbeeTests */,
				262DDDA62FA533B200FE434A /* seatbeeUITests */,
				264026EC2FF3FE35004BBCD1 /* SeatbeeWidget */,
				264026E72FF3FE34004BBCD1 /* Frameworks */,
				262DDD892FA533AE00FE434A /* Products */,
			);
			sourceTree = "<group>";
		};
		262DDD892FA533AE00FE434A /* Products */ = {
			isa = PBXGroup;
			children = (
				262DDD882FA533AE00FE434A /* seatbee.app */,
				262DDD992FA533B200FE434A /* seatbeeTests.xctest */,
				262DDDA32FA533B200FE434A /* seatbeeUITests.xctest */,
				264026E62FF3FE34004BBCD1 /* SeatbeeWidgetExtension.appex */,
			);
			name = Products;
			sourceTree = "<group>";
		};
		264026E72FF3FE34004BBCD1 /* Frameworks */ = {
			isa = PBXGroup;
			children = (
				264026E82FF3FE34004BBCD1 /* WidgetKit.framework */,
				264026EA2FF3FE35004BBCD1 /* SwiftUI.framework */,
			);
			name = Frameworks;
			sourceTree = "<group>";
		};
/* End PBXGroup section */

/* Begin PBXNativeTarget section */
		262DDD872FA533AE00FE434A /* seatbee */ = {
			isa = PBXNativeTarget;
			buildConfigurationList = 262DDDAC2FA533B200FE434A /* Build configuration list for PBXNativeTarget "seatbee" */;
			buildPhases = (
				262DDD842FA533AE00FE434A /* Sources */,
				262DDD852FA533AE00FE434A /* Frameworks */,
				262DDD862FA533AE00FE434A /* Resources */,
				264026FB2FF3FE38004BBCD1 /* Embed Foundation Extensions */,
			);
			buildRules = (
			);
			dependencies = (
				264026F92FF3FE38004BBCD1 /* PBXTargetDependency */,
			);
			fileSystemSynchronizedGroups = (
				262DDD8A2FA533AE00FE434A /* seatbee */,
			);
			name = seatbee;
			packageProductDependencies = (
				AA000003AAAAAAAA00000003 /* Supabase */,
				AA000004AAAAAAAA00000004 /* Kingfisher */,
			);
			productName = seatbee;
			productReference = 262DDD882FA533AE00FE434A /* seatbee.app */;
			productType = "com.apple.product-type.application";
		};
		262DDD982FA533B200FE434A /* seatbeeTests */ = {
			isa = PBXNativeTarget;
			buildConfigurationList = 262DDDB12FA533B200FE434A /* Build configuration list for PBXNativeTarget "seatbeeTests" */;
			buildPhases = (
				262DDD952FA533B200FE434A /* Sources */,
				262DDD962FA533B200FE434A /* Frameworks */,
				262DDD972FA533B200FE434A /* Resources */,
			);
			buildRules = (
			);
			dependencies = (
				262DDD9B2FA533B200FE434A /* PBXTargetDependency */,
			);
			fileSystemSynchronizedGroups = (
				262DDD9C2FA533B200FE434A /* seatbeeTests */,
			);
			name = seatbeeTests;
			packageProductDependencies = (
			);
			productName = seatbeeTests;
			productReference = 262DDD992FA533B200FE434A /* seatbeeTests.xctest */;
			productType = "com.apple.product-type.bundle.unit-test";
		};
		262DDDA22FA533B200FE434A /* seatbeeUITests */ = {
			isa = PBXNativeTarget;
			buildConfigurationList = 262DDDB42FA533B200FE434A /* Build configuration list for PBXNativeTarget "seatbeeUITests" */;
			buildPhases = (
				262DDD9F2FA533B200FE434A /* Sources */,
				262DDDA02FA533B200FE434A /* Frameworks */,
				262DDDA12FA533B200FE434A /* Resources */,
			);
			buildRules = (
			);
			dependencies = (
				262DDDA52FA533B200FE434A /* PBXTargetDependency */,
			);
			fileSystemSynchronizedGroups = (
				262DDDA62FA533B200FE434A /* seatbeeUITests */,
			);
			name = seatbeeUITests;
			packageProductDependencies = (
			);
			productName = seatbeeUITests;
			productReference = 262DDDA32FA533B200FE434A /* seatbeeUITests.xctest */;
			productType = "com.apple.product-type.bundle.ui-testing";
		};
		264026E52FF3FE34004BBCD1 /* SeatbeeWidgetExtension */ = {
			isa = PBXNativeTarget;
			buildConfigurationList = 264026FE2FF3FE38004BBCD1 /* Build configuration list for PBXNativeTarget "SeatbeeWidgetExtension" */;
			buildPhases = (
				264026E22FF3FE34004BBCD1 /* Sources */,
				264026E32FF3FE34004BBCD1 /* Frameworks */,
				264026E42FF3FE34004BBCD1 /* Resources */,
			);
			buildRules = (
			);
			dependencies = (
			);
			fileSystemSynchronizedGroups = (
				264026EC2FF3FE35004BBCD1 /* SeatbeeWidget */,
			);
			name = SeatbeeWidgetExtension;
			packageProductDependencies = (
			);
			productName = SeatbeeWidgetExtension;
			productReference = 264026E62FF3FE34004BBCD1 /* SeatbeeWidgetExtension.appex */;
			productType = "com.apple.product-type.app-extension";
		};
/* End PBXNativeTarget section */

/* Begin PBXProject section */
		262DDD802FA533AE00FE434A /* Project object */ = {
			isa = PBXProject;
			attributes = {
				BuildIndependentTargetsInParallel = 1;
				LastSwiftUpdateCheck = 2660;
				LastUpgradeCheck = 2640;
				TargetAttributes = {
					262DDD872FA533AE00FE434A = {
						CreatedOnToolsVersion = 26.4.1;
					};
					262DDD982FA533B200FE434A = {
						CreatedOnToolsVersion = 26.4.1;
						TestTargetID = 262DDD872FA533AE00FE434A;
					};
					262DDDA22FA533B200FE434A = {
						CreatedOnToolsVersion = 26.4.1;
						TestTargetID = 262DDD872FA533AE00FE434A;
					};
					264026E52FF3FE34004BBCD1 = {
						CreatedOnToolsVersion = 26.6;
					};
				};
			};
			buildConfigurationList = 262DDD832FA533AE00FE434A /* Build configuration list for PBXProject "seatbee" */;
			developmentRegion = en;
			hasScannedForEncodings = 0;
			knownRegions = (
				en,
				Base,
			);
			mainGroup = 262DDD7F2FA533AD00FE434A;
			minimizedProjectReferenceProxies = 1;
			packageReferences = (
				AA000001AAAAAAAA00000001 /* XCRemoteSwiftPackageReference "supabase-swift" */,
				AA000002AAAAAAAA00000002 /* XCRemoteSwiftPackageReference "Kingfisher" */,
			);
			preferredProjectObjectVersion = 77;
			productRefGroup = 262DDD892FA533AE00FE434A /* Products */;
			projectDirPath = "";
			projectRoot = "";
			targets = (
				262DDD872FA533AE00FE434A /* seatbee */,
				262DDD982FA533B200FE434A /* seatbeeTests */,
				262DDDA22FA533B200FE434A /* seatbeeUITests */,
				264026E52FF3FE34004BBCD1 /* SeatbeeWidgetExtension */,
			);
		};
/* End PBXProject section */

/* Begin PBXResourcesBuildPhase section */
		262DDD862FA533AE00FE434A /* Resources */ = {
			isa = PBXResourcesBuildPhase;
			buildActionMask = 2147483647;
			files = (
			);
			runOnlyForDeploymentPostprocessing = 0;
		};
		262DDD972FA533B200FE434A /* Resources */ = {
			isa = PBXResourcesBuildPhase;
			buildActionMask = 2147483647;
			files = (
			);
			runOnlyForDeploymentPostprocessing = 0;
		};
		262DDDA12FA533B200FE434A /* Resources */ = {
			isa = PBXResourcesBuildPhase;
			buildActionMask = 2147483647;
			files = (
			);
			runOnlyForDeploymentPostprocessing = 0;
		};
		264026E42FF3FE34004BBCD1 /* Resources */ = {
			isa = PBXResourcesBuildPhase;
			buildActionMask = 2147483647;
			files = (
			);
			runOnlyForDeploymentPostprocessing = 0;
		};
/* End PBXResourcesBuildPhase section */

/* Begin PBXSourcesBuildPhase section */
		262DDD842FA533AE00FE434A /* Sources */ = {
			isa = PBXSourcesBuildPhase;
			buildActionMask = 2147483647;
			files = (
			);
			runOnlyForDeploymentPostprocessing = 0;
		};
		262DDD952FA533B200FE434A /* Sources */ = {
			isa = PBXSourcesBuildPhase;
			buildActionMask = 2147483647;
			files = (
			);
			runOnlyForDeploymentPostprocessing = 0;
		};
		262DDD9F2FA533B200FE434A /* Sources */ = {
			isa = PBXSourcesBuildPhase;
			buildActionMask = 2147483647;
			files = (
			);
			runOnlyForDeploymentPostprocessing = 0;
		};
		264026E22FF3FE34004BBCD1 /* Sources */ = {
			isa = PBXSourcesBuildPhase;
			buildActionMask = 2147483647;
			files = (
			);
			runOnlyForDeploymentPostprocessing = 0;
		};
/* End PBXSourcesBuildPhase section */

/* Begin PBXTargetDependency section */
		262DDD9B2FA533B200FE434A /* PBXTargetDependency */ = {
			isa = PBXTargetDependency;
			target = 262DDD872FA533AE00FE434A /* seatbee */;
			targetProxy = 262DDD9A2FA533B200FE434A /* PBXContainerItemProxy */;
		};
		262DDDA52FA533B200FE434A /* PBXTargetDependency */ = {
			isa = PBXTargetDependency;
			target = 262DDD872FA533AE00FE434A /* seatbee */;
			targetProxy = 262DDDA42FA533B200FE434A /* PBXContainerItemProxy */;
		};
		264026F92FF3FE38004BBCD1 /* PBXTargetDependency */ = {
			isa = PBXTargetDependency;
			target = 264026E52FF3FE34004BBCD1 /* SeatbeeWidgetExtension */;
			targetProxy = 264026F82FF3FE38004BBCD1 /* PBXContainerItemProxy */;
		};
/* End PBXTargetDependency section */

/* Begin XCBuildConfiguration section */
		262DDDAD2FA533B200FE434A /* Debug */ = {
			isa = XCBuildConfiguration;
			buildSettings = {
				ASSETCATALOG_COMPILER_APPICON_NAME = AppIcon;
				ASSETCATALOG_COMPILER_GLOBAL_ACCENT_COLOR_NAME = AccentColor;
				CODE_SIGN_ENTITLEMENTS = seatbee/seatbee.entitlements;
				CODE_SIGN_STYLE = Automatic;
				CURRENT_PROJECT_VERSION = 22;
				DEVELOPMENT_TEAM = L67AL7FS38;
				ENABLE_PREVIEWS = YES;
				GENERATE_INFOPLIST_FILE = YES;
				INFOPLIST_FILE = seatbee/Info.plist;
				INFOPLIST_KEY_UIApplicationSceneManifest_Generation = YES;
				INFOPLIST_KEY_UIApplicationSupportsIndirectInputEvents = YES;
				INFOPLIST_KEY_UILaunchScreen_Generation = YES;
				INFOPLIST_KEY_UISupportedInterfaceOrientations_iPad = "UIInterfaceOrientationPortrait UIInterfaceOrientationPortraitUpsideDown UIInterfaceOrientationLandscapeLeft UIInterfaceOrientationLandscapeRight";
				INFOPLIST_KEY_UISupportedInterfaceOrientations_iPhone = "UIInterfaceOrientationPortrait UIInterfaceOrientationLandscapeLeft UIInterfaceOrientationLandscapeRight";
				LD_RUNPATH_SEARCH_PATHS = (
					"$(inherited)",
					"@executable_path/Frameworks",
				);
				MARKETING_VERSION = 1.5;
				PRODUCT_BUNDLE_IDENTIFIER = com.shayan.seatbee;
				PRODUCT_NAME = "$(TARGET_NAME)";
				STRING_CATALOG_GENERATE_SYMBOLS = YES;
				SWIFT_APPROACHABLE_CONCURRENCY = YES;
				SWIFT_DEFAULT_ACTOR_ISOLATION = MainActor;
				SWIFT_EMIT_LOC_STRINGS = YES;
				SWIFT_UPCOMING_FEATURE_MEMBER_IMPORT_VISIBILITY = YES;
				SWIFT_VERSION = 5.0;
				TARGETED_DEVICE_FAMILY = "1,2";
			};
			name = Debug;
		};
		262DDDAE2FA533B200FE434A /* Release */ = {
			isa = XCBuildConfiguration;
			buildSettings = {
				ASSETCATALOG_COMPILER_APPICON_NAME = AppIcon;
				ASSETCATALOG_COMPILER_GLOBAL_ACCENT_COLOR_NAME = AccentColor;
				CODE_SIGN_ENTITLEMENTS = seatbee/seatbee.entitlements;
				CODE_SIGN_STYLE = Automatic;
				CURRENT_PROJECT_VERSION = 22;
				DEVELOPMENT_TEAM = L67AL7FS38;
				ENABLE_PREVIEWS = YES;
				GENERATE_INFOPLIST_FILE = YES;
				INFOPLIST_FILE = seatbee/Info.plist;
				INFOPLIST_KEY_UIApplicationSceneManifest_Generation = YES;
				INFOPLIST_KEY_UIApplicationSupportsIndirectInputEvents = YES;
				INFOPLIST_KEY_UILaunchScreen_Generation = YES;
				INFOPLIST_KEY_UISupportedInterfaceOrientations_iPad = "UIInterfaceOrientationPortrait UIInterfaceOrientationPortraitUpsideDown UIInterfaceOrientationLandscapeLeft UIInterfaceOrientationLandscapeRight";
				INFOPLIST_KEY_UISupportedInterfaceOrientations_iPhone = "UIInterfaceOrientationPortrait UIInterfaceOrientationLandscapeLeft UIInterfaceOrientationLandscapeRight";
				LD_RUNPATH_SEARCH_PATHS = (
					"$(inherited)",
					"@executable_path/Frameworks",
				);
				MARKETING_VERSION = 1.5;
				PRODUCT_BUNDLE_IDENTIFIER = com.shayan.seatbee;
				PRODUCT_NAME = "$(TARGET_NAME)";
				STRING_CATALOG_GENERATE_SYMBOLS = YES;
				SWIFT_APPROACHABLE_CONCURRENCY = YES;
				SWIFT_DEFAULT_ACTOR_ISOLATION = MainActor;
				SWIFT_EMIT_LOC_STRINGS = YES;
				SWIFT_UPCOMING_FEATURE_MEMBER_IMPORT_VISIBILITY = YES;
				SWIFT_VERSION = 5.0;
				TARGETED_DEVICE_FAMILY = "1,2";
			};
			name = Release;
		};
		262DDDAF2FA533B200FE434A /* Debug */ = {
			isa = XCBuildConfiguration;
			buildSettings = {
				ALWAYS_SEARCH_USER_PATHS = NO;
				ASSETCATALOG_COMPILER_GENERATE_SWIFT_ASSET_SYMBOL_EXTENSIONS = YES;
				CLANG_ANALYZER_NONNULL = YES;
				CLANG_ANALYZER_NUMBER_OBJECT_CONVERSION = YES_AGGRESSIVE;
				CLANG_CXX_LANGUAGE_STANDARD = "gnu++20";
				CLANG_ENABLE_MODULES = YES;
				CLANG_ENABLE_OBJC_ARC = YES;
				CLANG_ENABLE_OBJC_WEAK = YES;
				CLANG_WARN_BLOCK_CAPTURE_AUTORELEASING = YES;
				CLANG_WARN_BOOL_CONVERSION = YES;
				CLANG_WARN_COMMA = YES;
				CLANG_WARN_CONSTANT_CONVERSION = YES;
				CLANG_WARN_DEPRECATED_OBJC_IMPLEMENTATIONS = YES;
				CLANG_WARN_DIRECT_OBJC_ISA_USAGE = YES_ERROR;
				CLANG_WARN_DOCUMENTATION_COMMENTS = YES;
				CLANG_WARN_EMPTY_BODY = YES;
				CLANG_WARN_ENUM_CONVERSION = YES;
				CLANG_WARN_INFINITE_RECURSION = YES;
				CLANG_WARN_INT_CONVERSION = YES;
				CLANG_WARN_NON_LITERAL_NULL_CONVERSION = YES;
				CLANG_WARN_OBJC_IMPLICIT_RETAIN_SELF = YES;
				CLANG_WARN_OBJC_LITERAL_CONVERSION = YES;
				CLANG_WARN_OBJC_ROOT_CLASS = YES_ERROR;
				CLANG_WARN_QUOTED_INCLUDE_IN_FRAMEWORK_HEADER = YES;
				CLANG_WARN_RANGE_LOOP_ANALYSIS = YES;
				CLANG_WARN_STRICT_PROTOTYPES = YES;
				CLANG_WARN_SUSPICIOUS_MOVE = YES;
				CLANG_WARN_UNGUARDED_AVAILABILITY = YES_AGGRESSIVE;
				CLANG_WARN_UNREACHABLE_CODE = YES;
				CLANG_WARN__DUPLICATE_METHOD_MATCH = YES;
				COPY_PHASE_STRIP = NO;
				DEBUG_INFORMATION_FORMAT = dwarf;
				DEVELOPMENT_TEAM = L67AL7FS38;
				ENABLE_STRICT_OBJC_MSGSEND = YES;
				ENABLE_TESTABILITY = YES;
				ENABLE_USER_SCRIPT_SANDBOXING = YES;
				GCC_C_LANGUAGE_STANDARD = gnu17;
				GCC_DYNAMIC_NO_PIC = NO;
				GCC_NO_COMMON_BLOCKS = YES;
				GCC_OPTIMIZATION_LEVEL = 0;
				GCC_PREPROCESSOR_DEFINITIONS = (
					"DEBUG=1",
					"$(inherited)",
				);
				GCC_WARN_64_TO_32_BIT_CONVERSION = YES;
				GCC_WARN_ABOUT_RETURN_TYPE = YES_ERROR;
				GCC_WARN_UNDECLARED_SELECTOR = YES;
				GCC_WARN_UNINITIALIZED_AUTOS = YES_AGGRESSIVE;
				GCC_WARN_UNUSED_FUNCTION = YES;
				GCC_WARN_UNUSED_VARIABLE = YES;
				IPHONEOS_DEPLOYMENT_TARGET = 26.4;
				LOCALIZATION_PREFERS_STRING_CATALOGS = YES;
				MTL_ENABLE_DEBUG_INFO = INCLUDE_SOURCE;
				MTL_FAST_MATH = YES;
				ONLY_ACTIVE_ARCH = YES;
				SDKROOT = iphoneos;
				SWIFT_ACTIVE_COMPILATION_CONDITIONS = "DEBUG $(inherited)";
				SWIFT_OPTIMIZATION_LEVEL = "-Onone";
			};
			name = Debug;
		};
		262DDDB02FA533B200FE434A /* Release */ = {
			isa = XCBuildConfiguration;
			buildSettings = {
				ALWAYS_SEARCH_USER_PATHS = NO;
				ASSETCATALOG_COMPILER_GENERATE_SWIFT_ASSET_SYMBOL_EXTENSIONS = YES;
				CLANG_ANALYZER_NONNULL = YES;
				CLANG_ANALYZER_NUMBER_OBJECT_CONVERSION = YES_AGGRESSIVE;
				CLANG_CXX_LANGUAGE_STANDARD = "gnu++20";
				CLANG_ENABLE_MODULES = YES;
				CLANG_ENABLE_OBJC_ARC = YES;
				CLANG_ENABLE_OBJC_WEAK = YES;
				CLANG_WARN_BLOCK_CAPTURE_AUTORELEASING = YES;
				CLANG_WARN_BOOL_CONVERSION = YES;
				CLANG_WARN_COMMA = YES;
				CLANG_WARN_CONSTANT_CONVERSION = YES;
				CLANG_WARN_DEPRECATED_OBJC_IMPLEMENTATIONS = YES;
				CLANG_WARN_DIRECT_OBJC_ISA_USAGE = YES_ERROR;
				CLANG_WARN_DOCUMENTATION_COMMENTS = YES;
				CLANG_WARN_EMPTY_BODY = YES;
				CLANG_WARN_ENUM_CONVERSION = YES;
				CLANG_WARN_INFINITE_RECURSION = YES;
				CLANG_WARN_INT_CONVERSION = YES;
				CLANG_WARN_NON_LITERAL_NULL_CONVERSION = YES;
				CLANG_WARN_OBJC_IMPLICIT_RETAIN_SELF = YES;
				CLANG_WARN_OBJC_LITERAL_CONVERSION = YES;
				CLANG_WARN_OBJC_ROOT_CLASS = YES_ERROR;
				CLANG_WARN_QUOTED_INCLUDE_IN_FRAMEWORK_HEADER = YES;
				CLANG_WARN_RANGE_LOOP_ANALYSIS = YES;
				CLANG_WARN_STRICT_PROTOTYPES = YES;
				CLANG_WARN_SUSPICIOUS_MOVE = YES;
				CLANG_WARN_UNGUARDED_AVAILABILITY = YES_AGGRESSIVE;
				CLANG_WARN_UNREACHABLE_CODE = YES;
				CLANG_WARN__DUPLICATE_METHOD_MATCH = YES;
				COPY_PHASE_STRIP = NO;
				DEBUG_INFORMATION_FORMAT = "dwarf-with-dsym";
				DEVELOPMENT_TEAM = L67AL7FS38;
				ENABLE_NS_ASSERTIONS = NO;
				ENABLE_STRICT_OBJC_MSGSEND = YES;
				ENABLE_USER_SCRIPT_SANDBOXING = YES;
				GCC_C_LANGUAGE_STANDARD = gnu17;
				GCC_NO_COMMON_BLOCKS = YES;
				GCC_WARN_64_TO_32_BIT_CONVERSION = YES;
				GCC_WARN_ABOUT_RETURN_TYPE = YES_ERROR;
				GCC_WARN_UNDECLARED_SELECTOR = YES;
				GCC_WARN_UNINITIALIZED_AUTOS = YES_AGGRESSIVE;
				GCC_WARN_UNUSED_FUNCTION = YES;
				GCC_WARN_UNUSED_VARIABLE = YES;
				IPHONEOS_DEPLOYMENT_TARGET = 26.4;
				LOCALIZATION_PREFERS_STRING_CATALOGS = YES;
				MTL_ENABLE_DEBUG_INFO = NO;
				MTL_FAST_MATH = YES;
				SDKROOT = iphoneos;
				SWIFT_COMPILATION_MODE = wholemodule;
				VALIDATE_PRODUCT = YES;
			};
			name = Release;
		};
		262DDDB22FA533B200FE434A /* Debug */ = {
			isa = XCBuildConfiguration;
			buildSettings = {
				BUNDLE_LOADER = "$(TEST_HOST)";
				CODE_SIGN_STYLE = Automatic;
				CURRENT_PROJECT_VERSION = 20;
				DEVELOPMENT_TEAM = L67AL7FS38;
				GENERATE_INFOPLIST_FILE = YES;
				IPHONEOS_DEPLOYMENT_TARGET = 26.4;
				MARKETING_VERSION = 1.5;
				PRODUCT_BUNDLE_IDENTIFIER = com.shayan.seatbeeTests;
				PRODUCT_NAME = "$(TARGET_NAME)";
				STRING_CATALOG_GENERATE_SYMBOLS = NO;
				SWIFT_APPROACHABLE_CONCURRENCY = YES;
				SWIFT_EMIT_LOC_STRINGS = NO;
				SWIFT_UPCOMING_FEATURE_MEMBER_IMPORT_VISIBILITY = YES;
				SWIFT_VERSION = 5.0;
				TARGETED_DEVICE_FAMILY = "1,2";
				TEST_HOST = "$(BUILT_PRODUCTS_DIR)/seatbee.app/$(BUNDLE_EXECUTABLE_FOLDER_PATH)/seatbee";
			};
			name = Debug;
		};
		262DDDB32FA533B200FE434A /* Release */ = {
			isa = XCBuildConfiguration;
			buildSettings = {
				BUNDLE_LOADER = "$(TEST_HOST)";
				CODE_SIGN_STYLE = Automatic;
				CURRENT_PROJECT_VERSION = 20;
				DEVELOPMENT_TEAM = L67AL7FS38;
				GENERATE_INFOPLIST_FILE = YES;
				IPHONEOS_DEPLOYMENT_TARGET = 26.4;
				MARKETING_VERSION = 1.5;
				PRODUCT_BUNDLE_IDENTIFIER = com.shayan.seatbeeTests;
				PRODUCT_NAME = "$(TARGET_NAME)";
				STRING_CATALOG_GENERATE_SYMBOLS = NO;
				SWIFT_APPROACHABLE_CONCURRENCY = YES;
				SWIFT_EMIT_LOC_STRINGS = NO;
				SWIFT_UPCOMING_FEATURE_MEMBER_IMPORT_VISIBILITY = YES;
				SWIFT_VERSION = 5.0;
				TARGETED_DEVICE_FAMILY = "1,2";
				TEST_HOST = "$(BUILT_PRODUCTS_DIR)/seatbee.app/$(BUNDLE_EXECUTABLE_FOLDER_PATH)/seatbee";
			};
			name = Release;
		};
		262DDDB52FA533B200FE434A /* Debug */ = {
			isa = XCBuildConfiguration;
			buildSettings = {
				CODE_SIGN_STYLE = Automatic;
				CURRENT_PROJECT_VERSION = 20;
				DEVELOPMENT_TEAM = L67AL7FS38;
				GENERATE_INFOPLIST_FILE = YES;
				MARKETING_VERSION = 1.5;
				PRODUCT_BUNDLE_IDENTIFIER = com.shayan.seatbeeUITests;
				PRODUCT_NAME = "$(TARGET_NAME)";
				STRING_CATALOG_GENERATE_SYMBOLS = NO;
				SWIFT_APPROACHABLE_CONCURRENCY = YES;
				SWIFT_EMIT_LOC_STRINGS = NO;
				SWIFT_UPCOMING_FEATURE_MEMBER_IMPORT_VISIBILITY = YES;
				SWIFT_VERSION = 5.0;
				TARGETED_DEVICE_FAMILY = "1,2";
				TEST_TARGET_NAME = seatbee;
			};
			name = Debug;
		};
		262DDDB62FA533B200FE434A /* Release */ = {
			isa = XCBuildConfiguration;
			buildSettings = {
				CODE_SIGN_STYLE = Automatic;
				CURRENT_PROJECT_VERSION = 20;
				DEVELOPMENT_TEAM = L67AL7FS38;
				GENERATE_INFOPLIST_FILE = YES;
				MARKETING_VERSION = 1.5;
				PRODUCT_BUNDLE_IDENTIFIER = com.shayan.seatbeeUITests;
				PRODUCT_NAME = "$(TARGET_NAME)";
				STRING_CATALOG_GENERATE_SYMBOLS = NO;
				SWIFT_APPROACHABLE_CONCURRENCY = YES;
				SWIFT_EMIT_LOC_STRINGS = NO;
				SWIFT_UPCOMING_FEATURE_MEMBER_IMPORT_VISIBILITY = YES;
				SWIFT_VERSION = 5.0;
				TARGETED_DEVICE_FAMILY = "1,2";
				TEST_TARGET_NAME = seatbee;
			};
			name = Release;
		};
		264026FC2FF3FE38004BBCD1 /* Debug */ = {
			isa = XCBuildConfiguration;
			buildSettings = {
				ASSETCATALOG_COMPILER_GLOBAL_ACCENT_COLOR_NAME = AccentColor;
				ASSETCATALOG_COMPILER_WIDGET_BACKGROUND_COLOR_NAME = WidgetBackground;
				CODE_SIGN_ENTITLEMENTS = SeatbeeWidgetExtension.entitlements;
				CODE_SIGN_STYLE = Automatic;
				CURRENT_PROJECT_VERSION = 22;
				DEVELOPMENT_TEAM = L67AL7FS38;
				GENERATE_INFOPLIST_FILE = YES;
				INFOPLIST_FILE = SeatbeeWidget/Info.plist;
				INFOPLIST_KEY_CFBundleDisplayName = SeatbeeWidget;
				INFOPLIST_KEY_NSHumanReadableCopyright = "";
				IPHONEOS_DEPLOYMENT_TARGET = 26.4;
				LD_RUNPATH_SEARCH_PATHS = (
					"$(inherited)",
					"@executable_path/Frameworks",
					"@executable_path/../../Frameworks",
				);
				MARKETING_VERSION = 1.5;
				PRODUCT_BUNDLE_IDENTIFIER = com.shayan.seatbee.SeatbeeWidget;
				PRODUCT_NAME = "$(TARGET_NAME)";
				SKIP_INSTALL = YES;
				STRING_CATALOG_GENERATE_SYMBOLS = YES;
				SWIFT_APPROACHABLE_CONCURRENCY = YES;
				SWIFT_EMIT_LOC_STRINGS = YES;
				SWIFT_UPCOMING_FEATURE_MEMBER_IMPORT_VISIBILITY = YES;
				SWIFT_VERSION = 5.0;
				TARGETED_DEVICE_FAMILY = "1,2";
			};
			name = Debug;
		};
		264026FD2FF3FE38004BBCD1 /* Release */ = {
			isa = XCBuildConfiguration;
			buildSettings = {
				ASSETCATALOG_COMPILER_GLOBAL_ACCENT_COLOR_NAME = AccentColor;
				ASSETCATALOG_COMPILER_WIDGET_BACKGROUND_COLOR_NAME = WidgetBackground;
				CODE_SIGN_ENTITLEMENTS = SeatbeeWidgetExtension.entitlements;
				CODE_SIGN_STYLE = Automatic;
				CURRENT_PROJECT_VERSION = 22;
				DEVELOPMENT_TEAM = L67AL7FS38;
				GENERATE_INFOPLIST_FILE = YES;
				INFOPLIST_FILE = SeatbeeWidget/Info.plist;
				INFOPLIST_KEY_CFBundleDisplayName = SeatbeeWidget;
				INFOPLIST_KEY_NSHumanReadableCopyright = "";
				IPHONEOS_DEPLOYMENT_TARGET = 26.4;
				LD_RUNPATH_SEARCH_PATHS = (
					"$(inherited)",
					"@executable_path/Frameworks",
					"@executable_path/../../Frameworks",
				);
				MARKETING_VERSION = 1.5;
				PRODUCT_BUNDLE_IDENTIFIER = com.shayan.seatbee.SeatbeeWidget;
				PRODUCT_NAME = "$(TARGET_NAME)";
				SKIP_INSTALL = YES;
				STRING_CATALOG_GENERATE_SYMBOLS = YES;
				SWIFT_APPROACHABLE_CONCURRENCY = YES;
				SWIFT_EMIT_LOC_STRINGS = YES;
				SWIFT_UPCOMING_FEATURE_MEMBER_IMPORT_VISIBILITY = YES;
				SWIFT_VERSION = 5.0;
				TARGETED_DEVICE_FAMILY = "1,2";
			};
			name = Release;
		};
/* End XCBuildConfiguration section */

/* Begin XCConfigurationList section */
		262DDD832FA533AE00FE434A /* Build configuration list for PBXProject "seatbee" */ = {
			isa = XCConfigurationList;
			buildConfigurations = (
				262DDDAF2FA533B200FE434A /* Debug */,
				262DDDB02FA533B200FE434A /* Release */,
			);
			defaultConfigurationIsVisible = 0;
			defaultConfigurationName = Release;
		};
		262DDDAC2FA533B200FE434A /* Build configuration list for PBXNativeTarget "seatbee" */ = {
			isa = XCConfigurationList;
			buildConfigurations = (
				262DDDAD2FA533B200FE434A /* Debug */,
				262DDDAE2FA533B200FE434A /* Release */,
			);
			defaultConfigurationIsVisible = 0;
			defaultConfigurationName = Release;
		};
		262DDDB12FA533B200FE434A /* Build configuration list for PBXNativeTarget "seatbeeTests" */ = {
			isa = XCConfigurationList;
			buildConfigurations = (
				262DDDB22FA533B200FE434A /* Debug */,
				262DDDB32FA533B200FE434A /* Release */,
			);
			defaultConfigurationIsVisible = 0;
			defaultConfigurationName = Release;
		};
		262DDDB42FA533B200FE434A /* Build configuration list for PBXNativeTarget "seatbeeUITests" */ = {
			isa = XCConfigurationList;
			buildConfigurations = (
				262DDDB52FA533B200FE434A /* Debug */,
				262DDDB62FA533B200FE434A /* Release */,
			);
			defaultConfigurationIsVisible = 0;
			defaultConfigurationName = Release;
		};
		264026FE2FF3FE38004BBCD1 /* Build configuration list for PBXNativeTarget "SeatbeeWidgetExtension" */ = {
			isa = XCConfigurationList;
			buildConfigurations = (
				264026FC2FF3FE38004BBCD1 /* Debug */,
				264026FD2FF3FE38004BBCD1 /* Release */,
			);
			defaultConfigurationIsVisible = 0;
			defaultConfigurationName = Release;
		};
/* End XCConfigurationList section */

/* Begin XCRemoteSwiftPackageReference section */
		AA000001AAAAAAAA00000001 /* XCRemoteSwiftPackageReference "supabase-swift" */ = {
			isa = XCRemoteSwiftPackageReference;
			repositoryURL = "https://github.com/supabase/supabase-swift.git";
			requirement = {
				kind = upToNextMajorVersion;
				minimumVersion = 2.0.0;
			};
		};
		AA000002AAAAAAAA00000002 /* XCRemoteSwiftPackageReference "Kingfisher" */ = {
			isa = XCRemoteSwiftPackageReference;
			repositoryURL = "https://github.com/onevcat/Kingfisher.git";
			requirement = {
				kind = upToNextMajorVersion;
				minimumVersion = 8.0.0;
			};
		};
/* End XCRemoteSwiftPackageReference section */

/* Begin XCSwiftPackageProductDependency section */
		AA000003AAAAAAAA00000003 /* Supabase */ = {
			isa = XCSwiftPackageProductDependency;
			package = AA000001AAAAAAAA00000001 /* XCRemoteSwiftPackageReference "supabase-swift" */;
			productName = Supabase;
		};
		AA000004AAAAAAAA00000004 /* Kingfisher */ = {
			isa = XCSwiftPackageProductDependency;
			package = AA000002AAAAAAAA00000002 /* XCRemoteSwiftPackageReference "Kingfisher" */;
			productName = Kingfisher;
		};
/* End XCSwiftPackageProductDependency section */
	};
	rootObject = 262DDD802FA533AE00FE434A /* Project object */;
}
